
Microsoft Visual Studio Solution File, Format Version 11.00
# Visual C++ Express 2010
Project("{8BC9CEB8-8B4A-11D0-8D11-00A0C91BC942}") = "RandomScreenLocation", "RandomScreenLocation\RandomScreenLocation.vcxproj", "{B699F12F-777B-4B3B-A268-2CD28787BB40}"
EndProject
Global
	GlobalSection(SolutionConfigurationPlatforms) = preSolution
		Debug|Win32 = Debug|Win32
		Release|Win32 = Release|Win32
	EndGlobalSection
	GlobalSection(ProjectConfigurationPlatforms) = postSolution
		{B699F12F-777B-4B3B-A268-2CD28787BB40}.Debug|Win32.ActiveCfg = Debug|Win32
		{B699F12F-777B-4B3B-A268-2CD28787BB40}.Debug|Win32.Build.0 = Debug|Win32
		{B699F12F-777B-4B3B-A268-2CD28787BB40}.Release|Win32.ActiveCfg = Release|Win32
		{B699F12F-777B-4B3B-A268-2CD28787BB40}.Release|Win32.Build.0 = Release|Win32
	EndGlobalSection
	GlobalSection(SolutionProperties) = preSolution
		HideSolutionNode = FALSE
	EndGlobalSection
EndGlobal
