
Microsoft Visual Studio Solution File, Format Version 11.00
# Visual C++ Express 2010
Project("{8BC9CEB8-8B4A-11D0-8D11-00A0C91BC942}") = "ExchangPairOfArray", "ExchangPairOfArray\ExchangPairOfArray.vcxproj", "{E0B3472D-5ACC-4F3B-908F-7A0C69020617}"
EndProject
Global
	GlobalSection(SolutionConfigurationPlatforms) = preSolution
		Debug|Win32 = Debug|Win32
		Release|Win32 = Release|Win32
	EndGlobalSection
	GlobalSection(ProjectConfigurationPlatforms) = postSolution
		{E0B3472D-5ACC-4F3B-908F-7A0C69020617}.Debug|Win32.ActiveCfg = Debug|Win32
		{E0B3472D-5ACC-4F3B-908F-7A0C69020617}.Debug|Win32.Build.0 = Debug|Win32
		{E0B3472D-5ACC-4F3B-908F-7A0C69020617}.Release|Win32.ActiveCfg = Release|Win32
		{E0B3472D-5ACC-4F3B-908F-7A0C69020617}.Release|Win32.Build.0 = Release|Win32
	EndGlobalSection
	GlobalSection(SolutionProperties) = preSolution
		HideSolutionNode = FALSE
	EndGlobalSection
EndGlobal
