
Microsoft Visual Studio Solution File, Format Version 11.00
# Visual C++ Express 2010
Project("{8BC9CEB8-8B4A-11D0-8D11-00A0C91BC942}") = "BoolCalculator", "BoolCalculator\BoolCalculator.vcxproj", "{E15B7300-87DC-4A81-A8BA-F91053194546}"
EndProject
Global
	GlobalSection(SolutionConfigurationPlatforms) = preSolution
		Debug|Win32 = Debug|Win32
		Release|Win32 = Release|Win32
	EndGlobalSection
	GlobalSection(ProjectConfigurationPlatforms) = postSolution
		{E15B7300-87DC-4A81-A8BA-F91053194546}.Debug|Win32.ActiveCfg = Debug|Win32
		{E15B7300-87DC-4A81-A8BA-F91053194546}.Debug|Win32.Build.0 = Debug|Win32
		{E15B7300-87DC-4A81-A8BA-F91053194546}.Release|Win32.ActiveCfg = Release|Win32
		{E15B7300-87DC-4A81-A8BA-F91053194546}.Release|Win32.Build.0 = Release|Win32
	EndGlobalSection
	GlobalSection(SolutionProperties) = preSolution
		HideSolutionNode = FALSE
	EndGlobalSection
EndGlobal
